<?xml version="1.0" encoding="utf-8"?>
<Project ToolsVersion="4.0" xmlns="http://schemas.microsoft.com/developer/msbuild/2003">
  <ItemGroup>
    <Filter Include="Source Files">
      <UniqueIdentifier>{4FC737F1-C7A5-4376-A066-2A32D752A2FF}</UniqueIdentifier>
      <Extensions>cpp;cxx;c;def</Extensions>
    </Filter>
    <Filter Include="Header Files">
      <UniqueIdentifier>{93995380-89BD-4b04-88EB-625FBE52EBFB}</UniqueIdentifier>
      <Extensions>h</Extensions>
    </Filter>
    <Filter Include="Form Files">
      <UniqueIdentifier>{99349809-55BA-4b9d-BF79-8FDBB0286EB3}</UniqueIdentifier>
      <Extensions>ui</Extensions>
    </Filter>
    <Filter Include="Resource Files">
      <UniqueIdentifier>{D9D6E242-F8AF-46E4-B9FD-80ECBC20BA3E}</UniqueIdentifier>
      <Extensions>qrc;*</Extensions>
      <ParseFiles>false</ParseFiles>
    </Filter>
    <Filter Include="Generated Files">
      <UniqueIdentifier>{71ED8ED8-ACB9-4CE9-BBE1-E00B30144E11}</UniqueIdentifier>
      <Extensions>moc;h;cpp</Extensions>
      <SourceControlFiles>False</SourceControlFiles>
    </Filter>
    <Filter Include="Generated Files\Debug">
      <UniqueIdentifier>{cf02d5d7-eb25-42c2-b455-d742e432ff56}</UniqueIdentifier>
      <Extensions>cpp;moc</Extensions>
      <SourceControlFiles>False</SourceControlFiles>
    </Filter>
    <Filter Include="Generated Files\Release">
      <UniqueIdentifier>{377a6762-1fc5-49f4-ae0f-c2c03a06d2d9}</UniqueIdentifier>
      <Extensions>cpp;moc</Extensions>
      <SourceControlFiles>False</SourceControlFiles>
    </Filter>
    <Filter Include="Header Files\Qt">
      <UniqueIdentifier>{fe2869d2-eb0a-42df-92c3-25ccf4fa0df7}</UniqueIdentifier>
    </Filter>
    <Filter Include="Source Files\Qt">
      <UniqueIdentifier>{43e69456-7e5d-4a3c-9930-6bb346238849}</UniqueIdentifier>
    </Filter>
    <Filter Include="Header Files\openGL">
      <UniqueIdentifier>{00688675-3d6e-41d3-9457-52a53ee0ce31}</UniqueIdentifier>
    </Filter>
    <Filter Include="Source Files\opengGL">
      <UniqueIdentifier>{c4fc0407-ebef-43f1-aa46-2e7aa93194d7}</UniqueIdentifier>
    </Filter>
    <Filter Include="Header Files\Tool">
      <UniqueIdentifier>{85f7ea88-1392-49fb-874d-be4b8c1b9944}</UniqueIdentifier>
    </Filter>
    <Filter Include="Source Files\calculation">
      <UniqueIdentifier>{bc9b64fc-7f96-44c1-b05f-f7272ee0d53b}</UniqueIdentifier>
    </Filter>
    <Filter Include="Header Files\calculation">
      <UniqueIdentifier>{2643488c-c72f-4f70-a2b3-87140f1d3a05}</UniqueIdentifier>
    </Filter>
  </ItemGroup>
  <ItemGroup>
    <ClCompile Include="main.cpp">
      <Filter>Source Files</Filter>
    </ClCompile>
    <ClCompile Include="openGL\src\Matrix4D.cpp">
      <Filter>Source Files\opengGL</Filter>
    </ClCompile>
    <ClCompile Include="openGL\src\Position3D.cpp">
      <Filter>Source Files\opengGL</Filter>
    </ClCompile>
    <ClCompile Include="openGL\src\RoamingScenceManager.cpp">
      <Filter>Source Files\opengGL</Filter>
    </ClCompile>
    <ClCompile Include="openGL\src\Vector3D.cpp">
      <Filter>Source Files\opengGL</Filter>
    </ClCompile>
    <ClCompile Include="Qt\src\ParaboloidWidget.cpp">
      <Filter>Source Files\Qt</Filter>
    </ClCompile>
    <ClCompile Include="Qt\src\LightSourceWidget.cpp">
      <Filter>Source Files\Qt</Filter>
    </ClCompile>
    <ClCompile Include="openGL\src\LightSource.cpp">
      <Filter>Source Files\opengGL</Filter>
    </ClCompile>
    <ClCompile Include="GeneratedFiles\Debug\moc_GraphTransWidget.cpp">
      <Filter>Generated Files\Debug</Filter>
    </ClCompile>
    <ClCompile Include="GeneratedFiles\Release\moc_GraphTransWidget.cpp">
      <Filter>Generated Files\Release</Filter>
    </ClCompile>
    <ClCompile Include="Qt\src\GraphTransWidget.cpp">
      <Filter>Source Files\Qt</Filter>
    </ClCompile>
    <ClCompile Include="GeneratedFiles\Debug\moc_LightSourceWidget.cpp">
      <Filter>Generated Files\Debug</Filter>
    </ClCompile>
    <ClCompile Include="GeneratedFiles\Release\moc_LightSourceWidget.cpp">
      <Filter>Generated Files\Release</Filter>
    </ClCompile>
    <ClCompile Include="GeneratedFiles\Debug\moc_RectangleWidget.cpp">
      <Filter>Generated Files\Debug</Filter>
    </ClCompile>
    <ClCompile Include="GeneratedFiles\Release\moc_RectangleWidget.cpp">
      <Filter>Generated Files\Release</Filter>
    </ClCompile>
    <ClCompile Include="Qt\src\RectangleWidget.cpp">
      <Filter>Source Files\Qt</Filter>
    </ClCompile>
    <ClCompile Include="Qt\src\ApertureFieldWidget.cpp">
      <Filter>Source Files\Qt</Filter>
    </ClCompile>
    <ClCompile Include="GeneratedFiles\Debug\moc_ApertureFieldWidget.cpp">
      <Filter>Generated Files\Debug</Filter>
    </ClCompile>
    <ClCompile Include="GeneratedFiles\Release\moc_ApertureFieldWidget.cpp">
      <Filter>Generated Files\Release</Filter>
    </ClCompile>
    <ClCompile Include="Qt\src\MainWindow.cpp">
      <Filter>Source Files\Qt</Filter>
    </ClCompile>
    <ClCompile Include="GeneratedFiles\Debug\moc_MainWindow.cpp">
      <Filter>Generated Files\Debug</Filter>
    </ClCompile>
    <ClCompile Include="GeneratedFiles\Release\moc_MainWindow.cpp">
      <Filter>Generated Files\Release</Filter>
    </ClCompile>
    <ClCompile Include="Qt\src\GLMainWidget.cpp">
      <Filter>Source Files\Qt</Filter>
    </ClCompile>
    <ClCompile Include="GeneratedFiles\Debug\moc_GLMainWidget.cpp">
      <Filter>Generated Files\Debug</Filter>
    </ClCompile>
    <ClCompile Include="GeneratedFiles\Release\moc_GLMainWidget.cpp">
      <Filter>Generated Files\Release</Filter>
    </ClCompile>
    <ClCompile Include="calculation\src\PVVA.cpp">
      <Filter>Source Files\calculation</Filter>
    </ClCompile>
    <ClCompile Include="calculation\src\Calculation.cpp">
      <Filter>Source Files\calculation</Filter>
    </ClCompile>
    <ClCompile Include="calculation\src\FFT.cpp">
      <Filter>Source Files\calculation</Filter>
    </ClCompile>
    <ClCompile Include="Qt\src\GaussianWidget.cpp">
      <Filter>Source Files\Qt</Filter>
    </ClCompile>
    <ClCompile Include="GeneratedFiles\Debug\moc_GaussianWidget.cpp">
      <Filter>Generated Files\Debug</Filter>
    </ClCompile>
    <ClCompile Include="GeneratedFiles\Release\moc_GaussianWidget.cpp">
      <Filter>Generated Files\Release</Filter>
    </ClCompile>
    <ClCompile Include="openGL\src\Field.cpp">
      <Filter>Source Files\opengGL</Filter>
    </ClCompile>
    <ClCompile Include="GeneratedFiles\Debug\moc_UnitWidget.cpp">
      <Filter>Generated Files\Debug</Filter>
    </ClCompile>
    <ClCompile Include="GeneratedFiles\Release\moc_UnitWidget.cpp">
      <Filter>Generated Files\Release</Filter>
    </ClCompile>
    <ClCompile Include="Qt\src\UnitWidget.cpp">
      <Filter>Source Files\Qt</Filter>
    </ClCompile>
    <ClCompile Include="GeneratedFiles\Debug\moc_CalculationWidget.cpp">
      <Filter>Generated Files\Debug</Filter>
    </ClCompile>
    <ClCompile Include="GeneratedFiles\Release\moc_CalculationWidget.cpp">
      <Filter>Generated Files\Release</Filter>
    </ClCompile>
    <ClCompile Include="Qt\src\CalculationWidget.cpp">
      <Filter>Source Files\Qt</Filter>
    </ClCompile>
  </ItemGroup>
  <ItemGroup>
    <CustomBuild Include="Qt\include\ParaboloidWidget.h">
      <Filter>Header Files\Qt</Filter>
    </CustomBuild>
    <CustomBuild Include="Qt\include\LightSourceWidget.h">
      <Filter>Header Files\Qt</Filter>
    </CustomBuild>
    <CustomBuild Include="Qt\include\GraphTransWidget.h">
      <Filter>Header Files\Qt</Filter>
    </CustomBuild>
    <CustomBuild Include="Qt\include\RectangleWidget.h">
      <Filter>Header Files\Qt</Filter>
    </CustomBuild>
    <CustomBuild Include="Qt\include\ApertureFieldWidget.h">
      <Filter>Header Files\Qt</Filter>
    </CustomBuild>
    <CustomBuild Include="Qt\include\MainWindow.h">
      <Filter>Header Files\Qt</Filter>
    </CustomBuild>
    <CustomBuild Include="Qt\include\GLMainWidget.h">
      <Filter>Header Files\Qt</Filter>
    </CustomBuild>
    <CustomBuild Include="Qt\include\GaussianWidget.h">
      <Filter>Header Files\Qt</Filter>
    </CustomBuild>
    <CustomBuild Include="Qt\include\UnitWidget.h">
      <Filter>Header Files\Qt</Filter>
    </CustomBuild>
    <CustomBuild Include="Qt\include\CalculationWidget.h">
      <Filter>Header Files\Qt</Filter>
    </CustomBuild>
  </ItemGroup>
  <ItemGroup>
    <ClInclude Include="openGL\include\Matrix4D.h">
      <Filter>Header Files\openGL</Filter>
    </ClInclude>
    <ClInclude Include="openGL\include\Position3D.h">
      <Filter>Header Files\openGL</Filter>
    </ClInclude>
    <ClInclude Include="openGL\include\RoamingScenceManager.h">
      <Filter>Header Files\openGL</Filter>
    </ClInclude>
    <ClInclude Include="openGL\include\Vector3D.h">
      <Filter>Header Files\openGL</Filter>
    </ClInclude>
    <ClInclude Include="openGL\include\Hyperboloid.h">
      <Filter>Header Files\openGL</Filter>
    </ClInclude>
    <ClInclude Include="openGL\include\LightSource.h">
      <Filter>Header Files\openGL</Filter>
    </ClInclude>
    <ClInclude Include="tool\Constant_Var.h">
      <Filter>Header Files\Tool</Filter>
    </ClInclude>
    <ClInclude Include="tool\GEMS_Memory.h">
      <Filter>Header Files\Tool</Filter>
    </ClInclude>
    <ClInclude Include="tool\Vector3.h">
      <Filter>Header Files\Tool</Filter>
    </ClInclude>
    <ClInclude Include="tool\modleID.h">
      <Filter>Header Files\Tool</Filter>
    </ClInclude>
    <ClInclude Include="openGL\include\GraphTrans.h">
      <Filter>Header Files\openGL</Filter>
    </ClInclude>
    <ClInclude Include="openGL\include\Surface.h">
      <Filter>Header Files\openGL</Filter>
    </ClInclude>
    <ClInclude Include="openGL\include\SurfaceList.h">
      <Filter>Header Files\openGL</Filter>
    </ClInclude>
    <ClInclude Include="openGL\include\LightSourceList.h">
      <Filter>Header Files\openGL</Filter>
    </ClInclude>
    <ClInclude Include="openGL\include\ApertureField.h">
      <Filter>Header Files\openGL</Filter>
    </ClInclude>
    <ClInclude Include="calculation\include\PVVA.h">
      <Filter>Header Files\calculation</Filter>
    </ClInclude>
    <ClInclude Include="tool\Vector2.h">
      <Filter>Header Files\Tool</Filter>
    </ClInclude>
    <ClInclude Include="calculation\include\Calculation.h">
      <Filter>Header Files\calculation</Filter>
    </ClInclude>
    <ClInclude Include="calculation\include\FFT.h">
      <Filter>Header Files\calculation</Filter>
    </ClInclude>
    <ClInclude Include="calculation\include\fftw3.h">
      <Filter>Header Files\calculation</Filter>
    </ClInclude>
    <ClInclude Include="openGL\include\Gaussian.h">
      <Filter>Header Files\openGL</Filter>
    </ClInclude>
    <ClInclude Include="openGL\include\Field.h">
      <Filter>Header Files\openGL</Filter>
    </ClInclude>
  </ItemGroup>
</Project>